
Microsoft Visual Studio Solution File, Format Version 12.00
# Visual Studio 15
VisualStudioVersion = 15.0.27004.2002
MinimumVisualStudioVersion = 10.0.40219.1
Project("{FAE04EC0-301F-11D3-BF4B-00C04F79EFBC}") = "ExportCRMSolution", "ExportCRMSolution\ExportCRMSolution.csproj", "{6094F043-CA89-49ED-A6C5-4FD419F10617}"
EndProject
Global
	GlobalSection(SolutionConfigurationPlatforms) = preSolution
		Debug|Any CPU = Debug|Any CPU
		Release|Any CPU = Release|Any CPU
	EndGlobalSection
	GlobalSection(ProjectConfigurationPlatforms) = postSolution
		{6094F043-CA89-49ED-A6C5-4FD419F10617}.Debug|Any CPU.ActiveCfg = Debug|Any CPU
		{6094F043-CA89-49ED-A6C5-4FD419F10617}.Debug|Any CPU.Build.0 = Debug|Any CPU
		{6094F043-CA89-49ED-A6C5-4FD419F10617}.Release|Any CPU.ActiveCfg = Release|Any CPU
		{6094F043-CA89-49ED-A6C5-4FD419F10617}.Release|Any CPU.Build.0 = Release|Any CPU
	EndGlobalSection
	GlobalSection(SolutionProperties) = preSolution
		HideSolutionNode = FALSE
	EndGlobalSection
	GlobalSection(ExtensibilityGlobals) = postSolution
		SolutionGuid = {FA2948CD-9801-49EF-9DFD-B9DA19DCC9EF}
	EndGlobalSection
EndGlobal
