
Microsoft Visual Studio Solution File, Format Version 12.00
# Visual Studio 15
VisualStudioVersion = 15.0.27004.2002
MinimumVisualStudioVersion = 10.0.40219.1
Project("{FAE04EC0-301F-11D3-BF4B-00C04F79EFBC}") = "Plugins", "Plugins\Plugins.csproj", "{793FF496-4710-4E0C-ACB9-D0F0BBC16760}"
EndProject
Project("{FAE04EC0-301F-11D3-BF4B-00C04F79EFBC}") = "PluginTests", "PluginTests\PluginTests.csproj", "{E9082A51-A48C-432E-B2B7-A8F2D8A1107E}"
EndProject
Global
	GlobalSection(SolutionConfigurationPlatforms) = preSolution
		Debug|Any CPU = Debug|Any CPU
		Release|Any CPU = Release|Any CPU
	EndGlobalSection
	GlobalSection(ProjectConfigurationPlatforms) = postSolution
		{793FF496-4710-4E0C-ACB9-D0F0BBC16760}.Debug|Any CPU.ActiveCfg = Debug|Any CPU
		{793FF496-4710-4E0C-ACB9-D0F0BBC16760}.Debug|Any CPU.Build.0 = Debug|Any CPU
		{793FF496-4710-4E0C-ACB9-D0F0BBC16760}.Release|Any CPU.ActiveCfg = Release|Any CPU
		{793FF496-4710-4E0C-ACB9-D0F0BBC16760}.Release|Any CPU.Build.0 = Release|Any CPU
		{E9082A51-A48C-432E-B2B7-A8F2D8A1107E}.Debug|Any CPU.ActiveCfg = Debug|Any CPU
		{E9082A51-A48C-432E-B2B7-A8F2D8A1107E}.Debug|Any CPU.Build.0 = Debug|Any CPU
		{E9082A51-A48C-432E-B2B7-A8F2D8A1107E}.Release|Any CPU.ActiveCfg = Release|Any CPU
		{E9082A51-A48C-432E-B2B7-A8F2D8A1107E}.Release|Any CPU.Build.0 = Release|Any CPU
	EndGlobalSection
	GlobalSection(SolutionProperties) = preSolution
		HideSolutionNode = FALSE
	EndGlobalSection
	GlobalSection(ExtensibilityGlobals) = postSolution
		SolutionGuid = {5EE25018-DCAA-4FE8-8F6C-641EB78143E0}
	EndGlobalSection
	GlobalSection(TeamFoundationVersionControl) = preSolution
		SccNumberOfProjects = 3
		SccEnterpriseProvider = {4CA58AB2-18FA-4F8D-95D4-32DDF27D184C}
		SccTeamFoundationServer = https://zestor.visualstudio.com/
		SccLocalPath0 = .
		SccProjectUniqueName1 = Plugins\\Plugins.csproj
		SccProjectName1 = Plugins
		SccLocalPath1 = Plugins
		SccProjectUniqueName2 = PluginTests\\PluginTests.csproj
		SccProjectName2 = PluginTests
		SccLocalPath2 = PluginTests
	EndGlobalSection
EndGlobal
